
Microsoft Visual Studio Solution File, Format Version 12.00
# Visual Studio Version 17
VisualStudioVersion = 17.0.31903.59
MinimumVisualStudioVersion = 10.0.40219.1
Project("{FAE04EC0-301F-11D3-BF4B-00C04F79EFBC}") = "workshop2", "workshop2\workshop2.csproj", "{1C13AA66-8B00-4C3A-847C-6FFB617307B8}"
EndProject
Project("{FAE04EC0-301F-11D3-BF4B-00C04F79EFBC}") = "workshop2test", "workshop2test\workshop2test.csproj", "{21D52418-47F3-4E0C-B771-13F47115CE34}"
EndProject
Global
	GlobalSection(SolutionConfigurationPlatforms) = preSolution
		Debug|Any CPU = Debug|Any CPU
		Debug|x64 = Debug|x64
		Debug|x86 = Debug|x86
		Release|Any CPU = Release|Any CPU
		Release|x64 = Release|x64
		Release|x86 = Release|x86
	EndGlobalSection
	GlobalSection(ProjectConfigurationPlatforms) = postSolution
		{1C13AA66-8B00-4C3A-847C-6FFB617307B8}.Debug|Any CPU.ActiveCfg = Debug|Any CPU
		{1C13AA66-8B00-4C3A-847C-6FFB617307B8}.Debug|Any CPU.Build.0 = Debug|Any CPU
		{1C13AA66-8B00-4C3A-847C-6FFB617307B8}.Debug|x64.ActiveCfg = Debug|Any CPU
		{1C13AA66-8B00-4C3A-847C-6FFB617307B8}.Debug|x64.Build.0 = Debug|Any CPU
		{1C13AA66-8B00-4C3A-847C-6FFB617307B8}.Debug|x86.ActiveCfg = Debug|Any CPU
		{1C13AA66-8B00-4C3A-847C-6FFB617307B8}.Debug|x86.Build.0 = Debug|Any CPU
		{1C13AA66-8B00-4C3A-847C-6FFB617307B8}.Release|Any CPU.ActiveCfg = Release|Any CPU
		{1C13AA66-8B00-4C3A-847C-6FFB617307B8}.Release|Any CPU.Build.0 = Release|Any CPU
		{1C13AA66-8B00-4C3A-847C-6FFB617307B8}.Release|x64.ActiveCfg = Release|Any CPU
		{1C13AA66-8B00-4C3A-847C-6FFB617307B8}.Release|x64.Build.0 = Release|Any CPU
		{1C13AA66-8B00-4C3A-847C-6FFB617307B8}.Release|x86.ActiveCfg = Release|Any CPU
		{1C13AA66-8B00-4C3A-847C-6FFB617307B8}.Release|x86.Build.0 = Release|Any CPU
		{21D52418-47F3-4E0C-B771-13F47115CE34}.Debug|Any CPU.ActiveCfg = Debug|Any CPU
		{21D52418-47F3-4E0C-B771-13F47115CE34}.Debug|Any CPU.Build.0 = Debug|Any CPU
		{21D52418-47F3-4E0C-B771-13F47115CE34}.Debug|x64.ActiveCfg = Debug|Any CPU
		{21D52418-47F3-4E0C-B771-13F47115CE34}.Debug|x64.Build.0 = Debug|Any CPU
		{21D52418-47F3-4E0C-B771-13F47115CE34}.Debug|x86.ActiveCfg = Debug|Any CPU
		{21D52418-47F3-4E0C-B771-13F47115CE34}.Debug|x86.Build.0 = Debug|Any CPU
		{21D52418-47F3-4E0C-B771-13F47115CE34}.Release|Any CPU.ActiveCfg = Release|Any CPU
		{21D52418-47F3-4E0C-B771-13F47115CE34}.Release|Any CPU.Build.0 = Release|Any CPU
		{21D52418-47F3-4E0C-B771-13F47115CE34}.Release|x64.ActiveCfg = Release|Any CPU
		{21D52418-47F3-4E0C-B771-13F47115CE34}.Release|x64.Build.0 = Release|Any CPU
		{21D52418-47F3-4E0C-B771-13F47115CE34}.Release|x86.ActiveCfg = Release|Any CPU
		{21D52418-47F3-4E0C-B771-13F47115CE34}.Release|x86.Build.0 = Release|Any CPU
	EndGlobalSection
	GlobalSection(SolutionProperties) = preSolution
		HideSolutionNode = FALSE
	EndGlobalSection
EndGlobal
